
Microsoft Visual Studio Solution File, Format Version 12.00
# Visual Studio 14
VisualStudioVersion = 14.0.23107.0
MinimumVisualStudioVersion = 10.0.40219.1
Project("{262852C6-CD72-467D-83FE-5EEB1973A190}") = "MobiHymnal_Ionic", "MobiHymnal_Cordova\MobiHymnal_Ionic.jsproj", "{BEAAB2F7-F16D-4C4E-B100-46485E8A442B}"
EndProject
Project("{262852C6-CD72-467D-83FE-5EEB1973A190}") = "MobiHymnal_Bootstrap", "MobiHymnal_Bootstrap\MobiHymnal_Bootstrap.jsproj", "{EED3F363-9013-4788-9D67-1756756DFB9B}"
EndProject
Global
	GlobalSection(SolutionConfigurationPlatforms) = preSolution
		Debug|Android = Debug|Android
		Debug|iOS = Debug|iOS
		Debug|Windows Phone (Universal) = Debug|Windows Phone (Universal)
		Debug|Windows Phone 8 = Debug|Windows Phone 8
		Debug|Windows-AnyCPU = Debug|Windows-AnyCPU
		Debug|Windows-ARM = Debug|Windows-ARM
		Debug|Windows-x64 = Debug|Windows-x64
		Debug|Windows-x86 = Debug|Windows-x86
		Release|Android = Release|Android
		Release|iOS = Release|iOS
		Release|Windows Phone (Universal) = Release|Windows Phone (Universal)
		Release|Windows Phone 8 = Release|Windows Phone 8
		Release|Windows-AnyCPU = Release|Windows-AnyCPU
		Release|Windows-ARM = Release|Windows-ARM
		Release|Windows-x64 = Release|Windows-x64
		Release|Windows-x86 = Release|Windows-x86
	EndGlobalSection
	GlobalSection(ProjectConfigurationPlatforms) = postSolution
		{BEAAB2F7-F16D-4C4E-B100-46485E8A442B}.Debug|Android.ActiveCfg = Debug|Android
		{BEAAB2F7-F16D-4C4E-B100-46485E8A442B}.Debug|Android.Build.0 = Debug|Android
		{BEAAB2F7-F16D-4C4E-B100-46485E8A442B}.Debug|Android.Deploy.0 = Debug|Android
		{BEAAB2F7-F16D-4C4E-B100-46485E8A442B}.Debug|iOS.ActiveCfg = Debug|iOS
		{BEAAB2F7-F16D-4C4E-B100-46485E8A442B}.Debug|iOS.Build.0 = Debug|iOS
		{BEAAB2F7-F16D-4C4E-B100-46485E8A442B}.Debug|iOS.Deploy.0 = Debug|iOS
		{BEAAB2F7-F16D-4C4E-B100-46485E8A442B}.Debug|Windows Phone (Universal).ActiveCfg = Debug|Windows Phone (Universal)
		{BEAAB2F7-F16D-4C4E-B100-46485E8A442B}.Debug|Windows Phone (Universal).Build.0 = Debug|Windows Phone (Universal)
		{BEAAB2F7-F16D-4C4E-B100-46485E8A442B}.Debug|Windows Phone (Universal).Deploy.0 = Debug|Windows Phone (Universal)
		{BEAAB2F7-F16D-4C4E-B100-46485E8A442B}.Debug|Windows Phone 8.ActiveCfg = Debug|Windows Phone 8
		{BEAAB2F7-F16D-4C4E-B100-46485E8A442B}.Debug|Windows Phone 8.Build.0 = Debug|Windows Phone 8
		{BEAAB2F7-F16D-4C4E-B100-46485E8A442B}.Debug|Windows Phone 8.Deploy.0 = Debug|Windows Phone 8
		{BEAAB2F7-F16D-4C4E-B100-46485E8A442B}.Debug|Windows-AnyCPU.ActiveCfg = Debug|Windows-AnyCPU
		{BEAAB2F7-F16D-4C4E-B100-46485E8A442B}.Debug|Windows-AnyCPU.Build.0 = Debug|Windows-AnyCPU
		{BEAAB2F7-F16D-4C4E-B100-46485E8A442B}.Debug|Windows-AnyCPU.Deploy.0 = Debug|Windows-AnyCPU
		{BEAAB2F7-F16D-4C4E-B100-46485E8A442B}.Debug|Windows-ARM.ActiveCfg = Debug|Windows-ARM
		{BEAAB2F7-F16D-4C4E-B100-46485E8A442B}.Debug|Windows-ARM.Build.0 = Debug|Windows-ARM
		{BEAAB2F7-F16D-4C4E-B100-46485E8A442B}.Debug|Windows-ARM.Deploy.0 = Debug|Windows-ARM
		{BEAAB2F7-F16D-4C4E-B100-46485E8A442B}.Debug|Windows-x64.ActiveCfg = Debug|Windows-x64
		{BEAAB2F7-F16D-4C4E-B100-46485E8A442B}.Debug|Windows-x64.Build.0 = Debug|Windows-x64
		{BEAAB2F7-F16D-4C4E-B100-46485E8A442B}.Debug|Windows-x64.Deploy.0 = Debug|Windows-x64
		{BEAAB2F7-F16D-4C4E-B100-46485E8A442B}.Debug|Windows-x86.ActiveCfg = Debug|Windows-x86
		{BEAAB2F7-F16D-4C4E-B100-46485E8A442B}.Debug|Windows-x86.Build.0 = Debug|Windows-x86
		{BEAAB2F7-F16D-4C4E-B100-46485E8A442B}.Debug|Windows-x86.Deploy.0 = Debug|Windows-x86
		{BEAAB2F7-F16D-4C4E-B100-46485E8A442B}.Release|Android.ActiveCfg = Release|Android
		{BEAAB2F7-F16D-4C4E-B100-46485E8A442B}.Release|Android.Build.0 = Release|Android
		{BEAAB2F7-F16D-4C4E-B100-46485E8A442B}.Release|Android.Deploy.0 = Release|Android
		{BEAAB2F7-F16D-4C4E-B100-46485E8A442B}.Release|iOS.ActiveCfg = Release|iOS
		{BEAAB2F7-F16D-4C4E-B100-46485E8A442B}.Release|iOS.Build.0 = Release|iOS
		{BEAAB2F7-F16D-4C4E-B100-46485E8A442B}.Release|iOS.Deploy.0 = Release|iOS
		{BEAAB2F7-F16D-4C4E-B100-46485E8A442B}.Release|Windows Phone (Universal).ActiveCfg = Release|Windows Phone (Universal)
		{BEAAB2F7-F16D-4C4E-B100-46485E8A442B}.Release|Windows Phone (Universal).Build.0 = Release|Windows Phone (Universal)
		{BEAAB2F7-F16D-4C4E-B100-46485E8A442B}.Release|Windows Phone (Universal).Deploy.0 = Release|Windows Phone (Universal)
		{BEAAB2F7-F16D-4C4E-B100-46485E8A442B}.Release|Windows Phone 8.ActiveCfg = Release|Windows Phone 8
		{BEAAB2F7-F16D-4C4E-B100-46485E8A442B}.Release|Windows Phone 8.Build.0 = Release|Windows Phone 8
		{BEAAB2F7-F16D-4C4E-B100-46485E8A442B}.Release|Windows Phone 8.Deploy.0 = Release|Windows Phone 8
		{BEAAB2F7-F16D-4C4E-B100-46485E8A442B}.Release|Windows-AnyCPU.ActiveCfg = Release|Windows-AnyCPU
		{BEAAB2F7-F16D-4C4E-B100-46485E8A442B}.Release|Windows-AnyCPU.Build.0 = Release|Windows-AnyCPU
		{BEAAB2F7-F16D-4C4E-B100-46485E8A442B}.Release|Windows-AnyCPU.Deploy.0 = Release|Windows-AnyCPU
		{BEAAB2F7-F16D-4C4E-B100-46485E8A442B}.Release|Windows-ARM.ActiveCfg = Release|Windows-ARM
		{BEAAB2F7-F16D-4C4E-B100-46485E8A442B}.Release|Windows-ARM.Build.0 = Release|Windows-ARM
		{BEAAB2F7-F16D-4C4E-B100-46485E8A442B}.Release|Windows-ARM.Deploy.0 = Release|Windows-ARM
		{BEAAB2F7-F16D-4C4E-B100-46485E8A442B}.Release|Windows-x64.ActiveCfg = Release|Windows-x64
		{BEAAB2F7-F16D-4C4E-B100-46485E8A442B}.Release|Windows-x64.Build.0 = Release|Windows-x64
		{BEAAB2F7-F16D-4C4E-B100-46485E8A442B}.Release|Windows-x64.Deploy.0 = Release|Windows-x64
		{BEAAB2F7-F16D-4C4E-B100-46485E8A442B}.Release|Windows-x86.ActiveCfg = Release|Windows-x86
		{BEAAB2F7-F16D-4C4E-B100-46485E8A442B}.Release|Windows-x86.Build.0 = Release|Windows-x86
		{BEAAB2F7-F16D-4C4E-B100-46485E8A442B}.Release|Windows-x86.Deploy.0 = Release|Windows-x86
		{EED3F363-9013-4788-9D67-1756756DFB9B}.Debug|Android.ActiveCfg = Debug|Android
		{EED3F363-9013-4788-9D67-1756756DFB9B}.Debug|Android.Build.0 = Debug|Android
		{EED3F363-9013-4788-9D67-1756756DFB9B}.Debug|Android.Deploy.0 = Debug|Android
		{EED3F363-9013-4788-9D67-1756756DFB9B}.Debug|iOS.ActiveCfg = Debug|iOS
		{EED3F363-9013-4788-9D67-1756756DFB9B}.Debug|iOS.Build.0 = Debug|iOS
		{EED3F363-9013-4788-9D67-1756756DFB9B}.Debug|iOS.Deploy.0 = Debug|iOS
		{EED3F363-9013-4788-9D67-1756756DFB9B}.Debug|Windows Phone (Universal).ActiveCfg = Debug|Windows Phone (Universal)
		{EED3F363-9013-4788-9D67-1756756DFB9B}.Debug|Windows Phone (Universal).Build.0 = Debug|Windows Phone (Universal)
		{EED3F363-9013-4788-9D67-1756756DFB9B}.Debug|Windows Phone (Universal).Deploy.0 = Debug|Windows Phone (Universal)
		{EED3F363-9013-4788-9D67-1756756DFB9B}.Debug|Windows Phone 8.ActiveCfg = Debug|Windows Phone 8
		{EED3F363-9013-4788-9D67-1756756DFB9B}.Debug|Windows Phone 8.Build.0 = Debug|Windows Phone 8
		{EED3F363-9013-4788-9D67-1756756DFB9B}.Debug|Windows Phone 8.Deploy.0 = Debug|Windows Phone 8
		{EED3F363-9013-4788-9D67-1756756DFB9B}.Debug|Windows-AnyCPU.ActiveCfg = Debug|Windows-AnyCPU
		{EED3F363-9013-4788-9D67-1756756DFB9B}.Debug|Windows-AnyCPU.Build.0 = Debug|Windows-AnyCPU
		{EED3F363-9013-4788-9D67-1756756DFB9B}.Debug|Windows-AnyCPU.Deploy.0 = Debug|Windows-AnyCPU
		{EED3F363-9013-4788-9D67-1756756DFB9B}.Debug|Windows-ARM.ActiveCfg = Debug|Windows-ARM
		{EED3F363-9013-4788-9D67-1756756DFB9B}.Debug|Windows-ARM.Build.0 = Debug|Windows-ARM
		{EED3F363-9013-4788-9D67-1756756DFB9B}.Debug|Windows-ARM.Deploy.0 = Debug|Windows-ARM
		{EED3F363-9013-4788-9D67-1756756DFB9B}.Debug|Windows-x64.ActiveCfg = Debug|Windows-x64
		{EED3F363-9013-4788-9D67-1756756DFB9B}.Debug|Windows-x64.Build.0 = Debug|Windows-x64
		{EED3F363-9013-4788-9D67-1756756DFB9B}.Debug|Windows-x64.Deploy.0 = Debug|Windows-x64
		{EED3F363-9013-4788-9D67-1756756DFB9B}.Debug|Windows-x86.ActiveCfg = Debug|Windows-x86
		{EED3F363-9013-4788-9D67-1756756DFB9B}.Debug|Windows-x86.Build.0 = Debug|Windows-x86
		{EED3F363-9013-4788-9D67-1756756DFB9B}.Debug|Windows-x86.Deploy.0 = Debug|Windows-x86
		{EED3F363-9013-4788-9D67-1756756DFB9B}.Release|Android.ActiveCfg = Release|Android
		{EED3F363-9013-4788-9D67-1756756DFB9B}.Release|Android.Build.0 = Release|Android
		{EED3F363-9013-4788-9D67-1756756DFB9B}.Release|Android.Deploy.0 = Release|Android
		{EED3F363-9013-4788-9D67-1756756DFB9B}.Release|iOS.ActiveCfg = Release|iOS
		{EED3F363-9013-4788-9D67-1756756DFB9B}.Release|iOS.Build.0 = Release|iOS
		{EED3F363-9013-4788-9D67-1756756DFB9B}.Release|iOS.Deploy.0 = Release|iOS
		{EED3F363-9013-4788-9D67-1756756DFB9B}.Release|Windows Phone (Universal).ActiveCfg = Release|Windows Phone (Universal)
		{EED3F363-9013-4788-9D67-1756756DFB9B}.Release|Windows Phone (Universal).Build.0 = Release|Windows Phone (Universal)
		{EED3F363-9013-4788-9D67-1756756DFB9B}.Release|Windows Phone (Universal).Deploy.0 = Release|Windows Phone (Universal)
		{EED3F363-9013-4788-9D67-1756756DFB9B}.Release|Windows Phone 8.ActiveCfg = Release|Windows Phone 8
		{EED3F363-9013-4788-9D67-1756756DFB9B}.Release|Windows Phone 8.Build.0 = Release|Windows Phone 8
		{EED3F363-9013-4788-9D67-1756756DFB9B}.Release|Windows Phone 8.Deploy.0 = Release|Windows Phone 8
		{EED3F363-9013-4788-9D67-1756756DFB9B}.Release|Windows-AnyCPU.ActiveCfg = Release|Windows-AnyCPU
		{EED3F363-9013-4788-9D67-1756756DFB9B}.Release|Windows-AnyCPU.Build.0 = Release|Windows-AnyCPU
		{EED3F363-9013-4788-9D67-1756756DFB9B}.Release|Windows-AnyCPU.Deploy.0 = Release|Windows-AnyCPU
		{EED3F363-9013-4788-9D67-1756756DFB9B}.Release|Windows-ARM.ActiveCfg = Release|Windows-ARM
		{EED3F363-9013-4788-9D67-1756756DFB9B}.Release|Windows-ARM.Build.0 = Release|Windows-ARM
		{EED3F363-9013-4788-9D67-1756756DFB9B}.Release|Windows-ARM.Deploy.0 = Release|Windows-ARM
		{EED3F363-9013-4788-9D67-1756756DFB9B}.Release|Windows-x64.ActiveCfg = Release|Windows-x64
		{EED3F363-9013-4788-9D67-1756756DFB9B}.Release|Windows-x64.Build.0 = Release|Windows-x64
		{EED3F363-9013-4788-9D67-1756756DFB9B}.Release|Windows-x64.Deploy.0 = Release|Windows-x64
		{EED3F363-9013-4788-9D67-1756756DFB9B}.Release|Windows-x86.ActiveCfg = Release|Windows-x86
		{EED3F363-9013-4788-9D67-1756756DFB9B}.Release|Windows-x86.Build.0 = Release|Windows-x86
		{EED3F363-9013-4788-9D67-1756756DFB9B}.Release|Windows-x86.Deploy.0 = Release|Windows-x86
	EndGlobalSection
	GlobalSection(SolutionProperties) = preSolution
		HideSolutionNode = FALSE
	EndGlobalSection
EndGlobal
